
Microsoft Visual Studio Solution File, Format Version 12.00
# Visual Studio Version 17
VisualStudioVersion = 17.5.002.0
MinimumVisualStudioVersion = 10.0.40219.1
Project("{9A19103F-16F7-4668-BE54-9A1E7A4F7556}") = "DopLaba", "DopLaba.csproj", "{D7A58F6A-7359-4354-BAAA-8BABA61CAA5F}"
EndProject
Project("{FAE04EC0-301F-11D3-BF4B-00C04F79EFBC}") = "TEST", "TEST\TEST.csproj", "{18AC392A-C462-404A-AA68-175A0CCBD96C}"
EndProject
Project("{FAE04EC0-301F-11D3-BF4B-00C04F79EFBC}") = "ConsoleApp1", "ConsoleApp1\ConsoleApp1.csproj", "{ED12DA09-09E4-4FE0-BC23-33B38BA07194}"
EndProject
Global
	GlobalSection(SolutionConfigurationPlatforms) = preSolution
		Debug|Any CPU = Debug|Any CPU
		Release|Any CPU = Release|Any CPU
	EndGlobalSection
	GlobalSection(ProjectConfigurationPlatforms) = postSolution
		{D7A58F6A-7359-4354-BAAA-8BABA61CAA5F}.Debug|Any CPU.ActiveCfg = Debug|Any CPU
		{D7A58F6A-7359-4354-BAAA-8BABA61CAA5F}.Debug|Any CPU.Build.0 = Debug|Any CPU
		{D7A58F6A-7359-4354-BAAA-8BABA61CAA5F}.Release|Any CPU.ActiveCfg = Release|Any CPU
		{D7A58F6A-7359-4354-BAAA-8BABA61CAA5F}.Release|Any CPU.Build.0 = Release|Any CPU
		{18AC392A-C462-404A-AA68-175A0CCBD96C}.Debug|Any CPU.ActiveCfg = Debug|Any CPU
		{18AC392A-C462-404A-AA68-175A0CCBD96C}.Debug|Any CPU.Build.0 = Debug|Any CPU
		{18AC392A-C462-404A-AA68-175A0CCBD96C}.Release|Any CPU.ActiveCfg = Release|Any CPU
		{18AC392A-C462-404A-AA68-175A0CCBD96C}.Release|Any CPU.Build.0 = Release|Any CPU
		{ED12DA09-09E4-4FE0-BC23-33B38BA07194}.Debug|Any CPU.ActiveCfg = Debug|Any CPU
		{ED12DA09-09E4-4FE0-BC23-33B38BA07194}.Debug|Any CPU.Build.0 = Debug|Any CPU
		{ED12DA09-09E4-4FE0-BC23-33B38BA07194}.Release|Any CPU.ActiveCfg = Release|Any CPU
		{ED12DA09-09E4-4FE0-BC23-33B38BA07194}.Release|Any CPU.Build.0 = Release|Any CPU
	EndGlobalSection
	GlobalSection(SolutionProperties) = preSolution
		HideSolutionNode = FALSE
	EndGlobalSection
	GlobalSection(ExtensibilityGlobals) = postSolution
		SolutionGuid = {A245F5EE-7A8C-457C-B74A-2AD86E83A136}
	EndGlobalSection
EndGlobal
